
Microsoft Visual Studio Solution File, Format Version 12.00
# Visual Studio Version 17
VisualStudioVersion = 17.4.33403.182
MinimumVisualStudioVersion = 10.0.40219.1
Project("{8BC9CEB8-8B4A-11D0-8D11-00A0C91BC942}") = "ChatAppClient", "ChatAppClient\ChatAppClient.vcxproj", "{2FD3D91E-280A-4E54-8572-DBFF4805AB20}"
EndProject
Global
	GlobalSection(SolutionConfigurationPlatforms) = preSolution
		a|x64 = a|x64
		a|x86 = a|x86
		Debug|x64 = Debug|x64
		Debug|x86 = Debug|x86
		Release|x64 = Release|x64
		Release|x86 = Release|x86
	EndGlobalSection
	GlobalSection(ProjectConfigurationPlatforms) = postSolution
		{2FD3D91E-280A-4E54-8572-DBFF4805AB20}.a|x64.ActiveCfg = Debug|x64
		{2FD3D91E-280A-4E54-8572-DBFF4805AB20}.a|x64.Build.0 = Debug|x64
		{2FD3D91E-280A-4E54-8572-DBFF4805AB20}.a|x86.ActiveCfg = a|Win32
		{2FD3D91E-280A-4E54-8572-DBFF4805AB20}.a|x86.Build.0 = a|Win32
		{2FD3D91E-280A-4E54-8572-DBFF4805AB20}.Debug|x64.ActiveCfg = Debug|x64
		{2FD3D91E-280A-4E54-8572-DBFF4805AB20}.Debug|x64.Build.0 = Debug|x64
		{2FD3D91E-280A-4E54-8572-DBFF4805AB20}.Debug|x86.ActiveCfg = Debug|Win32
		{2FD3D91E-280A-4E54-8572-DBFF4805AB20}.Debug|x86.Build.0 = Debug|Win32
		{2FD3D91E-280A-4E54-8572-DBFF4805AB20}.Release|x64.ActiveCfg = Release|x64
		{2FD3D91E-280A-4E54-8572-DBFF4805AB20}.Release|x64.Build.0 = Release|x64
		{2FD3D91E-280A-4E54-8572-DBFF4805AB20}.Release|x86.ActiveCfg = Release|Win32
		{2FD3D91E-280A-4E54-8572-DBFF4805AB20}.Release|x86.Build.0 = Release|Win32
	EndGlobalSection
	GlobalSection(SolutionProperties) = preSolution
		HideSolutionNode = FALSE
	EndGlobalSection
	GlobalSection(ExtensibilityGlobals) = postSolution
		SolutionGuid = {BDF296D1-4940-4470-8937-64713E2A3966}
	EndGlobalSection
EndGlobal
